PODS:
  - Flutter (1.0.0)
  - wallpaper_setter (0.0.1):
    - Flutter

DEPENDENCIES:
  - Flutter (from `Flutter`)
  - wallpaper_setter (from `.symlinks/plugins/wallpaper_setter/ios`)

EXTERNAL SOURCES:
  Flutter:
    :path: Flutter
  wallpaper_setter:
    :path: ".symlinks/plugins/wallpaper_setter/ios"

SPEC CHECKSUMS:
  Flutter: cabc95a1d2626b1b06e7179b784ebcf0c0cde467
  wallpaper_setter: d9191676c41f6b94132f5109f39305d2505d1a79

PODFILE CHECKSUM: 3c63482e143d1b91d2d2560aee9fb04ecc74ac7e

COCOAPODS: 1.16.2
